
Microsoft Visual Studio Solution File, Format Version 12.00
# Visual Studio 15
VisualStudioVersion = 15.0.26730.15
MinimumVisualStudioVersion = 10.0.40219.1
Project("{8BC9CEB8-8B4A-11D0-8D11-00A0C91BC942}") = "ConsoleApplication1", "ConsoleApplication1\ConsoleApplication1.vcxproj", "{EB17D50B-6EE3-4E6B-928C-E8C016FE1C0C}"
EndProject
Project("{8BC9CEB8-8B4A-11D0-8D11-00A0C91BC942}") = "UnitTest1", "UnitTest1\UnitTest1.vcxproj", "{554007DA-4878-44BC-8449-37722289823A}"
EndProject
Global
	GlobalSection(SolutionConfigurationPlatforms) = preSolution
		Debug|x64 = Debug|x64
		Debug|x86 = Debug|x86
		Release|x64 = Release|x64
		Release|x86 = Release|x86
	EndGlobalSection
	GlobalSection(ProjectConfigurationPlatforms) = postSolution
		{EB17D50B-6EE3-4E6B-928C-E8C016FE1C0C}.Debug|x64.ActiveCfg = Debug|x64
		{EB17D50B-6EE3-4E6B-928C-E8C016FE1C0C}.Debug|x64.Build.0 = Debug|x64
		{EB17D50B-6EE3-4E6B-928C-E8C016FE1C0C}.Debug|x86.ActiveCfg = Debug|Win32
		{EB17D50B-6EE3-4E6B-928C-E8C016FE1C0C}.Debug|x86.Build.0 = Debug|Win32
		{EB17D50B-6EE3-4E6B-928C-E8C016FE1C0C}.Release|x64.ActiveCfg = Release|x64
		{EB17D50B-6EE3-4E6B-928C-E8C016FE1C0C}.Release|x64.Build.0 = Release|x64
		{EB17D50B-6EE3-4E6B-928C-E8C016FE1C0C}.Release|x86.ActiveCfg = Release|Win32
		{EB17D50B-6EE3-4E6B-928C-E8C016FE1C0C}.Release|x86.Build.0 = Release|Win32
		{554007DA-4878-44BC-8449-37722289823A}.Debug|x64.ActiveCfg = Debug|x64
		{554007DA-4878-44BC-8449-37722289823A}.Debug|x64.Build.0 = Debug|x64
		{554007DA-4878-44BC-8449-37722289823A}.Debug|x86.ActiveCfg = Debug|Win32
		{554007DA-4878-44BC-8449-37722289823A}.Debug|x86.Build.0 = Debug|Win32
		{554007DA-4878-44BC-8449-37722289823A}.Release|x64.ActiveCfg = Release|x64
		{554007DA-4878-44BC-8449-37722289823A}.Release|x64.Build.0 = Release|x64
		{554007DA-4878-44BC-8449-37722289823A}.Release|x86.ActiveCfg = Release|Win32
		{554007DA-4878-44BC-8449-37722289823A}.Release|x86.Build.0 = Release|Win32
	EndGlobalSection
	GlobalSection(SolutionProperties) = preSolution
		HideSolutionNode = FALSE
	EndGlobalSection
	GlobalSection(ExtensibilityGlobals) = postSolution
		SolutionGuid = {E6250E49-DE6F-4506-92AE-6700DEA1E21A}
	EndGlobalSection
EndGlobal
